
Microsoft Visual Studio Solution File, Format Version 12.00
# Visual Studio Version 18
VisualStudioVersion = 18.0.11005.162
MinimumVisualStudioVersion = 10.0.40219.1
Project("{2150E333-8FDC-42A3-9474-1A3956D46DE8}") = "Solution Items", "Solution Items", "{02EA681E-C7D8-13C7-8484-4AC65E1B71E8}"
	ProjectSection(SolutionItems) = preProject
		.editorconfig = .editorconfig
		Directory.Build.props = Directory.Build.props
	EndProjectSection
EndProject
Project("{2150E333-8FDC-42A3-9474-1A3956D46DE8}") = "src", "src", "{D9FE9FF2-CB9A-4C02-B049-AD57CBD9A801}"
EndProject
Project("{2150E333-8FDC-42A3-9474-1A3956D46DE8}") = "API", "API", "{B8E2977B-FC8B-45F5-A022-F2CD9721BA26}"
EndProject
Project("{FAE04EC0-301F-11D3-BF4B-00C04F79EFBC}") = "Bookings.Api", "src\API\Bookings.Api\Bookings.Api.csproj", "{7FBDA25D-323F-48C7-ABF5-41BE8850A5A4}"
EndProject
Project("{2150E333-8FDC-42A3-9474-1A3956D46DE8}") = "Modules", "Modules", "{9C690453-C268-4092-ADD4-C7843FC22834}"
EndProject
Project("{2150E333-8FDC-42A3-9474-1A3956D46DE8}") = "Events", "Events", "{E647F9FF-EFC1-4C7F-8571-CCE5EF272223}"
EndProject
Project("{E53339B2-1760-4266-BCC7-CA923CBCF16C}") = "docker-compose", "docker-compose.dcproj", "{81DDED9D-158B-E303-5F62-77A2896D2A5A}"
EndProject
Project("{FAE04EC0-301F-11D3-BF4B-00C04F79EFBC}") = "Bookings.Modules.Events.Domain", "src\Modules\Events\Bookings.Modules.Events.Domain\Bookings.Modules.Events.Domain.csproj", "{F6E01E0D-0E28-41CC-AC78-84654CC9353D}"
EndProject
Project("{FAE04EC0-301F-11D3-BF4B-00C04F79EFBC}") = "Bookings.Modules.Events.Application", "src\Modules\Events\Bookings.Modules.Events.Application\Bookings.Modules.Events.Application.csproj", "{357FFDA3-21C6-48B0-8588-EED73A20C2E2}"
EndProject
Project("{FAE04EC0-301F-11D3-BF4B-00C04F79EFBC}") = "Bookings.Modules.Events.Infrastructure", "src\Modules\Events\Bookings.Modules.Events.Infrastructuer\Bookings.Modules.Events.Infrastructure.csproj", "{8BE1B682-78EF-41A0-A293-D512D16AFC53}"
EndProject
Project("{FAE04EC0-301F-11D3-BF4B-00C04F79EFBC}") = "Bookings.Modules.Events.Presentation", "src\Modules\Events\Bookings.Modules.Events.Presentation\Bookings.Modules.Events.Presentation.csproj", "{A1AA642F-77D5-42BA-BC4A-30A6147253F5}"
EndProject
Project("{2150E333-8FDC-42A3-9474-1A3956D46DE8}") = "Common", "Common", "{3AB4F440-48CD-48D2-BDED-832437477854}"
EndProject
Project("{FAE04EC0-301F-11D3-BF4B-00C04F79EFBC}") = "Bookings.Common.Application", "src\Common\Bookings.Common.Application\Bookings.Common.Application.csproj", "{BE1CFE4D-DD79-4B1B-B23F-64A5207F20CB}"
EndProject
Project("{FAE04EC0-301F-11D3-BF4B-00C04F79EFBC}") = "Bookings.Common.Domain", "src\Common\Bookings.Common.Domain\Bookings.Common.Domain.csproj", "{809CBD44-B38C-4EBB-84BF-DD9E7F53476D}"
EndProject
Project("{FAE04EC0-301F-11D3-BF4B-00C04F79EFBC}") = "Bookings.Common.Infrastructure", "src\Common\Bookings.Common.Infrastructure\Bookings.Common.Infrastructure.csproj", "{0200D0C7-C9A4-4F45-AE6C-17AEE6394C65}"
EndProject
Project("{FAE04EC0-301F-11D3-BF4B-00C04F79EFBC}") = "Bookings.Common.Presentation", "src\Common\Bookings.Common.Presentation\Bookings.Common.Presentation.csproj", "{4CA817BA-AF3D-4992-995A-ED5290DA6E0D}"
EndProject
Project("{2150E333-8FDC-42A3-9474-1A3956D46DE8}") = "Users", "Users", "{DB73943F-3E59-4C41-8AEB-61A8C132A29F}"
EndProject
Project("{FAE04EC0-301F-11D3-BF4B-00C04F79EFBC}") = "Bookings.Modules.Users.Application", "src\Modules\Users\Bookings.Modules.Users.Application\Bookings.Modules.Users.Application.csproj", "{6D2C11A8-3332-4673-A92D-7F75115A4C48}"
EndProject
Project("{FAE04EC0-301F-11D3-BF4B-00C04F79EFBC}") = "Bookings.Modules.Users.Domain", "src\Modules\Users\Bookings.Modules.Users.Domain\Bookings.Modules.Users.Domain.csproj", "{0E6352B1-2E11-4F43-A2CD-277FFB2961B6}"
EndProject
Project("{FAE04EC0-301F-11D3-BF4B-00C04F79EFBC}") = "Bookings.Modules.Users.Infrastucture", "src\Modules\Users\Bookings.Modules.Users.Infrastucture\Bookings.Modules.Users.Infrastucture.csproj", "{1251672D-5ECC-4598-9162-C1B2786882E1}"
EndProject
Project("{FAE04EC0-301F-11D3-BF4B-00C04F79EFBC}") = "Bookings.Modules.Users.Presentation", "src\Modules\Users\Bookings.Modules.Users.Presentation\Bookings.Modules.Users.Presentation.csproj", "{BC5216DD-7048-4E2E-B2F1-241CCD76A647}"
EndProject
Project("{2150E333-8FDC-42A3-9474-1A3956D46DE8}") = "Ticketing", "Ticketing", "{AD6BC4BD-0AF1-42CB-8AC1-03085A78E986}"
EndProject
Project("{FAE04EC0-301F-11D3-BF4B-00C04F79EFBC}") = "Bookings.Modules.Ticketing.Application", "src\Modules\Ticketing\Bookings.Modules.Ticketing.Application\Bookings.Modules.Ticketing.Application.csproj", "{3DC67119-48C0-4BFB-8B2A-29C1387CFBE6}"
EndProject
Project("{FAE04EC0-301F-11D3-BF4B-00C04F79EFBC}") = "Bookings.Modules.Ticketing.Domain", "src\Modules\Ticketing\Bookings.Modules.Ticketing.Domain\Bookings.Modules.Ticketing.Domain.csproj", "{AE351583-73B9-43D1-82FE-3C8CF9904E57}"
EndProject
Project("{FAE04EC0-301F-11D3-BF4B-00C04F79EFBC}") = "Bookings.Modules.Ticketing.Infrastructure", "src\Modules\Ticketing\Bookings.Modules.Ticketing.Infrastructure\Bookings.Modules.Ticketing.Infrastructure.csproj", "{B4C9AC8B-B95A-429A-8741-2BC750BFAD4C}"
EndProject
Project("{FAE04EC0-301F-11D3-BF4B-00C04F79EFBC}") = "Bookings.Modules.Ticketing.Presentation", "src\Modules\Ticketing\Bookings.Modules.Ticketing.Presentation\Bookings.Modules.Ticketing.Presentation.csproj", "{FE9E6669-0F9E-4CBE-BF42-9C11BA1405F1}"
EndProject
Project("{FAE04EC0-301F-11D3-BF4B-00C04F79EFBC}") = "Bookings.Modules.Users.IntegrationEvents", "src\Modules\Users\Bookings.Modules.Users.IntegrationEvents\Bookings.Modules.Users.IntegrationEvents.csproj", "{A7D5F135-916D-4A8D-A4DD-8B7A7504CE30}"
EndProject
Project("{FAE04EC0-301F-11D3-BF4B-00C04F79EFBC}") = "Bookings.Modules.Ticketing.IntegrationEvents", "src\Modules\Ticketing\Bookings.Modules.Ticketing.IntegrationEvents\Bookings.Modules.Ticketing.IntegrationEvents.csproj", "{C5A32DA8-9AE0-48FD-97E5-317D91744B2C}"
EndProject
Global
	GlobalSection(SolutionConfigurationPlatforms) = preSolution
		Debug|Any CPU = Debug|Any CPU
		Release|Any CPU = Release|Any CPU
	EndGlobalSection
	GlobalSection(ProjectConfigurationPlatforms) = postSolution
		{7FBDA25D-323F-48C7-ABF5-41BE8850A5A4}.Debug|Any CPU.ActiveCfg = Debug|Any CPU
		{7FBDA25D-323F-48C7-ABF5-41BE8850A5A4}.Debug|Any CPU.Build.0 = Debug|Any CPU
		{7FBDA25D-323F-48C7-ABF5-41BE8850A5A4}.Release|Any CPU.ActiveCfg = Release|Any CPU
		{7FBDA25D-323F-48C7-ABF5-41BE8850A5A4}.Release|Any CPU.Build.0 = Release|Any CPU
		{81DDED9D-158B-E303-5F62-77A2896D2A5A}.Debug|Any CPU.ActiveCfg = Debug|Any CPU
		{81DDED9D-158B-E303-5F62-77A2896D2A5A}.Debug|Any CPU.Build.0 = Debug|Any CPU
		{81DDED9D-158B-E303-5F62-77A2896D2A5A}.Release|Any CPU.ActiveCfg = Release|Any CPU
		{81DDED9D-158B-E303-5F62-77A2896D2A5A}.Release|Any CPU.Build.0 = Release|Any CPU
		{F6E01E0D-0E28-41CC-AC78-84654CC9353D}.Debug|Any CPU.ActiveCfg = Debug|Any CPU
		{F6E01E0D-0E28-41CC-AC78-84654CC9353D}.Debug|Any CPU.Build.0 = Debug|Any CPU
		{F6E01E0D-0E28-41CC-AC78-84654CC9353D}.Release|Any CPU.ActiveCfg = Release|Any CPU
		{F6E01E0D-0E28-41CC-AC78-84654CC9353D}.Release|Any CPU.Build.0 = Release|Any CPU
		{357FFDA3-21C6-48B0-8588-EED73A20C2E2}.Debug|Any CPU.ActiveCfg = Debug|Any CPU
		{357FFDA3-21C6-48B0-8588-EED73A20C2E2}.Debug|Any CPU.Build.0 = Debug|Any CPU
		{357FFDA3-21C6-48B0-8588-EED73A20C2E2}.Release|Any CPU.ActiveCfg = Release|Any CPU
		{357FFDA3-21C6-48B0-8588-EED73A20C2E2}.Release|Any CPU.Build.0 = Release|Any CPU
		{8BE1B682-78EF-41A0-A293-D512D16AFC53}.Debug|Any CPU.ActiveCfg = Debug|Any CPU
		{8BE1B682-78EF-41A0-A293-D512D16AFC53}.Debug|Any CPU.Build.0 = Debug|Any CPU
		{8BE1B682-78EF-41A0-A293-D512D16AFC53}.Release|Any CPU.ActiveCfg = Release|Any CPU
		{8BE1B682-78EF-41A0-A293-D512D16AFC53}.Release|Any CPU.Build.0 = Release|Any CPU
		{A1AA642F-77D5-42BA-BC4A-30A6147253F5}.Debug|Any CPU.ActiveCfg = Debug|Any CPU
		{A1AA642F-77D5-42BA-BC4A-30A6147253F5}.Debug|Any CPU.Build.0 = Debug|Any CPU
		{A1AA642F-77D5-42BA-BC4A-30A6147253F5}.Release|Any CPU.ActiveCfg = Release|Any CPU
		{A1AA642F-77D5-42BA-BC4A-30A6147253F5}.Release|Any CPU.Build.0 = Release|Any CPU
		{BE1CFE4D-DD79-4B1B-B23F-64A5207F20CB}.Debug|Any CPU.ActiveCfg = Debug|Any CPU
		{BE1CFE4D-DD79-4B1B-B23F-64A5207F20CB}.Debug|Any CPU.Build.0 = Debug|Any CPU
		{BE1CFE4D-DD79-4B1B-B23F-64A5207F20CB}.Release|Any CPU.ActiveCfg = Release|Any CPU
		{BE1CFE4D-DD79-4B1B-B23F-64A5207F20CB}.Release|Any CPU.Build.0 = Release|Any CPU
		{809CBD44-B38C-4EBB-84BF-DD9E7F53476D}.Debug|Any CPU.ActiveCfg = Debug|Any CPU
		{809CBD44-B38C-4EBB-84BF-DD9E7F53476D}.Debug|Any CPU.Build.0 = Debug|Any CPU
		{809CBD44-B38C-4EBB-84BF-DD9E7F53476D}.Release|Any CPU.ActiveCfg = Release|Any CPU
		{809CBD44-B38C-4EBB-84BF-DD9E7F53476D}.Release|Any CPU.Build.0 = Release|Any CPU
		{0200D0C7-C9A4-4F45-AE6C-17AEE6394C65}.Debug|Any CPU.ActiveCfg = Debug|Any CPU
		{0200D0C7-C9A4-4F45-AE6C-17AEE6394C65}.Debug|Any CPU.Build.0 = Debug|Any CPU
		{0200D0C7-C9A4-4F45-AE6C-17AEE6394C65}.Release|Any CPU.ActiveCfg = Release|Any CPU
		{0200D0C7-C9A4-4F45-AE6C-17AEE6394C65}.Release|Any CPU.Build.0 = Release|Any CPU
		{4CA817BA-AF3D-4992-995A-ED5290DA6E0D}.Debug|Any CPU.ActiveCfg = Debug|Any CPU
		{4CA817BA-AF3D-4992-995A-ED5290DA6E0D}.Debug|Any CPU.Build.0 = Debug|Any CPU
		{4CA817BA-AF3D-4992-995A-ED5290DA6E0D}.Release|Any CPU.ActiveCfg = Release|Any CPU
		{4CA817BA-AF3D-4992-995A-ED5290DA6E0D}.Release|Any CPU.Build.0 = Release|Any CPU
		{6D2C11A8-3332-4673-A92D-7F75115A4C48}.Debug|Any CPU.ActiveCfg = Debug|Any CPU
		{6D2C11A8-3332-4673-A92D-7F75115A4C48}.Debug|Any CPU.Build.0 = Debug|Any CPU
		{6D2C11A8-3332-4673-A92D-7F75115A4C48}.Release|Any CPU.ActiveCfg = Release|Any CPU
		{6D2C11A8-3332-4673-A92D-7F75115A4C48}.Release|Any CPU.Build.0 = Release|Any CPU
		{0E6352B1-2E11-4F43-A2CD-277FFB2961B6}.Debug|Any CPU.ActiveCfg = Debug|Any CPU
		{0E6352B1-2E11-4F43-A2CD-277FFB2961B6}.Debug|Any CPU.Build.0 = Debug|Any CPU
		{0E6352B1-2E11-4F43-A2CD-277FFB2961B6}.Release|Any CPU.ActiveCfg = Release|Any CPU
		{0E6352B1-2E11-4F43-A2CD-277FFB2961B6}.Release|Any CPU.Build.0 = Release|Any CPU
		{1251672D-5ECC-4598-9162-C1B2786882E1}.Debug|Any CPU.ActiveCfg = Debug|Any CPU
		{1251672D-5ECC-4598-9162-C1B2786882E1}.Debug|Any CPU.Build.0 = Debug|Any CPU
		{1251672D-5ECC-4598-9162-C1B2786882E1}.Release|Any CPU.ActiveCfg = Release|Any CPU
		{1251672D-5ECC-4598-9162-C1B2786882E1}.Release|Any CPU.Build.0 = Release|Any CPU
		{BC5216DD-7048-4E2E-B2F1-241CCD76A647}.Debug|Any CPU.ActiveCfg = Debug|Any CPU
		{BC5216DD-7048-4E2E-B2F1-241CCD76A647}.Debug|Any CPU.Build.0 = Debug|Any CPU
		{BC5216DD-7048-4E2E-B2F1-241CCD76A647}.Release|Any CPU.ActiveCfg = Release|Any CPU
		{BC5216DD-7048-4E2E-B2F1-241CCD76A647}.Release|Any CPU.Build.0 = Release|Any CPU
		{3DC67119-48C0-4BFB-8B2A-29C1387CFBE6}.Debug|Any CPU.ActiveCfg = Debug|Any CPU
		{3DC67119-48C0-4BFB-8B2A-29C1387CFBE6}.Debug|Any CPU.Build.0 = Debug|Any CPU
		{3DC67119-48C0-4BFB-8B2A-29C1387CFBE6}.Release|Any CPU.ActiveCfg = Release|Any CPU
		{3DC67119-48C0-4BFB-8B2A-29C1387CFBE6}.Release|Any CPU.Build.0 = Release|Any CPU
		{AE351583-73B9-43D1-82FE-3C8CF9904E57}.Debug|Any CPU.ActiveCfg = Debug|Any CPU
		{AE351583-73B9-43D1-82FE-3C8CF9904E57}.Debug|Any CPU.Build.0 = Debug|Any CPU
		{AE351583-73B9-43D1-82FE-3C8CF9904E57}.Release|Any CPU.ActiveCfg = Release|Any CPU
		{AE351583-73B9-43D1-82FE-3C8CF9904E57}.Release|Any CPU.Build.0 = Release|Any CPU
		{B4C9AC8B-B95A-429A-8741-2BC750BFAD4C}.Debug|Any CPU.ActiveCfg = Debug|Any CPU
		{B4C9AC8B-B95A-429A-8741-2BC750BFAD4C}.Debug|Any CPU.Build.0 = Debug|Any CPU
		{B4C9AC8B-B95A-429A-8741-2BC750BFAD4C}.Release|Any CPU.ActiveCfg = Release|Any CPU
		{B4C9AC8B-B95A-429A-8741-2BC750BFAD4C}.Release|Any CPU.Build.0 = Release|Any CPU
		{FE9E6669-0F9E-4CBE-BF42-9C11BA1405F1}.Debug|Any CPU.ActiveCfg = Debug|Any CPU
		{FE9E6669-0F9E-4CBE-BF42-9C11BA1405F1}.Debug|Any CPU.Build.0 = Debug|Any CPU
		{FE9E6669-0F9E-4CBE-BF42-9C11BA1405F1}.Release|Any CPU.ActiveCfg = Release|Any CPU
		{FE9E6669-0F9E-4CBE-BF42-9C11BA1405F1}.Release|Any CPU.Build.0 = Release|Any CPU
		{A7D5F135-916D-4A8D-A4DD-8B7A7504CE30}.Debug|Any CPU.ActiveCfg = Debug|Any CPU
		{A7D5F135-916D-4A8D-A4DD-8B7A7504CE30}.Debug|Any CPU.Build.0 = Debug|Any CPU
		{A7D5F135-916D-4A8D-A4DD-8B7A7504CE30}.Release|Any CPU.ActiveCfg = Release|Any CPU
		{A7D5F135-916D-4A8D-A4DD-8B7A7504CE30}.Release|Any CPU.Build.0 = Release|Any CPU
		{C5A32DA8-9AE0-48FD-97E5-317D91744B2C}.Debug|Any CPU.ActiveCfg = Debug|Any CPU
		{C5A32DA8-9AE0-48FD-97E5-317D91744B2C}.Debug|Any CPU.Build.0 = Debug|Any CPU
		{C5A32DA8-9AE0-48FD-97E5-317D91744B2C}.Release|Any CPU.ActiveCfg = Release|Any CPU
		{C5A32DA8-9AE0-48FD-97E5-317D91744B2C}.Release|Any CPU.Build.0 = Release|Any CPU
	EndGlobalSection
	GlobalSection(SolutionProperties) = preSolution
		HideSolutionNode = FALSE
	EndGlobalSection
	GlobalSection(NestedProjects) = preSolution
		{B8E2977B-FC8B-45F5-A022-F2CD9721BA26} = {D9FE9FF2-CB9A-4C02-B049-AD57CBD9A801}
		{7FBDA25D-323F-48C7-ABF5-41BE8850A5A4} = {B8E2977B-FC8B-45F5-A022-F2CD9721BA26}
		{9C690453-C268-4092-ADD4-C7843FC22834} = {D9FE9FF2-CB9A-4C02-B049-AD57CBD9A801}
		{E647F9FF-EFC1-4C7F-8571-CCE5EF272223} = {9C690453-C268-4092-ADD4-C7843FC22834}
		{F6E01E0D-0E28-41CC-AC78-84654CC9353D} = {E647F9FF-EFC1-4C7F-8571-CCE5EF272223}
		{357FFDA3-21C6-48B0-8588-EED73A20C2E2} = {E647F9FF-EFC1-4C7F-8571-CCE5EF272223}
		{8BE1B682-78EF-41A0-A293-D512D16AFC53} = {E647F9FF-EFC1-4C7F-8571-CCE5EF272223}
		{A1AA642F-77D5-42BA-BC4A-30A6147253F5} = {E647F9FF-EFC1-4C7F-8571-CCE5EF272223}
		{3AB4F440-48CD-48D2-BDED-832437477854} = {D9FE9FF2-CB9A-4C02-B049-AD57CBD9A801}
		{BE1CFE4D-DD79-4B1B-B23F-64A5207F20CB} = {3AB4F440-48CD-48D2-BDED-832437477854}
		{809CBD44-B38C-4EBB-84BF-DD9E7F53476D} = {3AB4F440-48CD-48D2-BDED-832437477854}
		{0200D0C7-C9A4-4F45-AE6C-17AEE6394C65} = {3AB4F440-48CD-48D2-BDED-832437477854}
		{4CA817BA-AF3D-4992-995A-ED5290DA6E0D} = {3AB4F440-48CD-48D2-BDED-832437477854}
		{DB73943F-3E59-4C41-8AEB-61A8C132A29F} = {9C690453-C268-4092-ADD4-C7843FC22834}
		{6D2C11A8-3332-4673-A92D-7F75115A4C48} = {DB73943F-3E59-4C41-8AEB-61A8C132A29F}
		{0E6352B1-2E11-4F43-A2CD-277FFB2961B6} = {DB73943F-3E59-4C41-8AEB-61A8C132A29F}
		{1251672D-5ECC-4598-9162-C1B2786882E1} = {DB73943F-3E59-4C41-8AEB-61A8C132A29F}
		{BC5216DD-7048-4E2E-B2F1-241CCD76A647} = {DB73943F-3E59-4C41-8AEB-61A8C132A29F}
		{AD6BC4BD-0AF1-42CB-8AC1-03085A78E986} = {9C690453-C268-4092-ADD4-C7843FC22834}
		{3DC67119-48C0-4BFB-8B2A-29C1387CFBE6} = {AD6BC4BD-0AF1-42CB-8AC1-03085A78E986}
		{AE351583-73B9-43D1-82FE-3C8CF9904E57} = {AD6BC4BD-0AF1-42CB-8AC1-03085A78E986}
		{B4C9AC8B-B95A-429A-8741-2BC750BFAD4C} = {AD6BC4BD-0AF1-42CB-8AC1-03085A78E986}
		{FE9E6669-0F9E-4CBE-BF42-9C11BA1405F1} = {AD6BC4BD-0AF1-42CB-8AC1-03085A78E986}
		{A7D5F135-916D-4A8D-A4DD-8B7A7504CE30} = {DB73943F-3E59-4C41-8AEB-61A8C132A29F}
		{C5A32DA8-9AE0-48FD-97E5-317D91744B2C} = {AD6BC4BD-0AF1-42CB-8AC1-03085A78E986}
	EndGlobalSection
	GlobalSection(ExtensibilityGlobals) = postSolution
		SolutionGuid = {04D72791-CE56-47E6-80B5-D02DA43AD10E}
	EndGlobalSection
EndGlobal
