
Microsoft Visual Studio Solution File, Format Version 12.00
# Visual Studio Version 17
VisualStudioVersion = 17.14.36401.2 d17.14
MinimumVisualStudioVersion = 10.0.40219.1
Project("{2150E333-8FDC-42A3-9474-1A3956D46DE8}") = "Solution Items", "Solution Items", "{02EA681E-C7D8-13C7-8484-4AC65E1B71E8}"
	ProjectSection(SolutionItems) = preProject
		.editorconfig = .editorconfig
		Directory.Build.props = Directory.Build.props
	EndProjectSection
EndProject
Project("{2150E333-8FDC-42A3-9474-1A3956D46DE8}") = "src", "src", "{D9FE9FF2-CB9A-4C02-B049-AD57CBD9A801}"
EndProject
Project("{2150E333-8FDC-42A3-9474-1A3956D46DE8}") = "API", "API", "{B8E2977B-FC8B-45F5-A022-F2CD9721BA26}"
EndProject
Project("{FAE04EC0-301F-11D3-BF4B-00C04F79EFBC}") = "Bookings.Api", "src\API\Bookings.Api\Bookings.Api.csproj", "{7FBDA25D-323F-48C7-ABF5-41BE8850A5A4}"
EndProject
Project("{2150E333-8FDC-42A3-9474-1A3956D46DE8}") = "Modules", "Modules", "{9C690453-C268-4092-ADD4-C7843FC22834}"
EndProject
Project("{2150E333-8FDC-42A3-9474-1A3956D46DE8}") = "Events", "Events", "{E647F9FF-EFC1-4C7F-8571-CCE5EF272223}"
EndProject
Project("{E53339B2-1760-4266-BCC7-CA923CBCF16C}") = "docker-compose", "docker-compose.dcproj", "{81DDED9D-158B-E303-5F62-77A2896D2A5A}"
EndProject
Project("{FAE04EC0-301F-11D3-BF4B-00C04F79EFBC}") = "Bookings.Modules.Events.Domain", "src\Modules\Events\Bookings.Modules.Events.Domain\Bookings.Modules.Events.Domain.csproj", "{F6E01E0D-0E28-41CC-AC78-84654CC9353D}"
EndProject
Project("{FAE04EC0-301F-11D3-BF4B-00C04F79EFBC}") = "Bookings.Modules.Events.Application", "src\Modules\Events\Bookings.Modules.Events.Application\Bookings.Modules.Events.Application.csproj", "{357FFDA3-21C6-48B0-8588-EED73A20C2E2}"
EndProject
Project("{FAE04EC0-301F-11D3-BF4B-00C04F79EFBC}") = "Bookings.Modules.Events.Infrastructure", "src\Modules\Events\Bookings.Modules.Events.Infrastructuer\Bookings.Modules.Events.Infrastructure.csproj", "{8BE1B682-78EF-41A0-A293-D512D16AFC53}"
EndProject
Project("{FAE04EC0-301F-11D3-BF4B-00C04F79EFBC}") = "Bookings.Modules.Events.Presentation", "src\Modules\Events\Bookings.Modules.Events.Presentation\Bookings.Modules.Events.Presentation.csproj", "{A1AA642F-77D5-42BA-BC4A-30A6147253F5}"
EndProject
Global
	GlobalSection(SolutionConfigurationPlatforms) = preSolution
		Debug|Any CPU = Debug|Any CPU
		Release|Any CPU = Release|Any CPU
	EndGlobalSection
	GlobalSection(ProjectConfigurationPlatforms) = postSolution
		{7FBDA25D-323F-48C7-ABF5-41BE8850A5A4}.Debug|Any CPU.ActiveCfg = Debug|Any CPU
		{7FBDA25D-323F-48C7-ABF5-41BE8850A5A4}.Debug|Any CPU.Build.0 = Debug|Any CPU
		{7FBDA25D-323F-48C7-ABF5-41BE8850A5A4}.Release|Any CPU.ActiveCfg = Release|Any CPU
		{7FBDA25D-323F-48C7-ABF5-41BE8850A5A4}.Release|Any CPU.Build.0 = Release|Any CPU
		{81DDED9D-158B-E303-5F62-77A2896D2A5A}.Debug|Any CPU.ActiveCfg = Debug|Any CPU
		{81DDED9D-158B-E303-5F62-77A2896D2A5A}.Debug|Any CPU.Build.0 = Debug|Any CPU
		{81DDED9D-158B-E303-5F62-77A2896D2A5A}.Release|Any CPU.ActiveCfg = Release|Any CPU
		{81DDED9D-158B-E303-5F62-77A2896D2A5A}.Release|Any CPU.Build.0 = Release|Any CPU
		{F6E01E0D-0E28-41CC-AC78-84654CC9353D}.Debug|Any CPU.ActiveCfg = Debug|Any CPU
		{F6E01E0D-0E28-41CC-AC78-84654CC9353D}.Debug|Any CPU.Build.0 = Debug|Any CPU
		{F6E01E0D-0E28-41CC-AC78-84654CC9353D}.Release|Any CPU.ActiveCfg = Release|Any CPU
		{F6E01E0D-0E28-41CC-AC78-84654CC9353D}.Release|Any CPU.Build.0 = Release|Any CPU
		{357FFDA3-21C6-48B0-8588-EED73A20C2E2}.Debug|Any CPU.ActiveCfg = Debug|Any CPU
		{357FFDA3-21C6-48B0-8588-EED73A20C2E2}.Debug|Any CPU.Build.0 = Debug|Any CPU
		{357FFDA3-21C6-48B0-8588-EED73A20C2E2}.Release|Any CPU.ActiveCfg = Release|Any CPU
		{357FFDA3-21C6-48B0-8588-EED73A20C2E2}.Release|Any CPU.Build.0 = Release|Any CPU
		{8BE1B682-78EF-41A0-A293-D512D16AFC53}.Debug|Any CPU.ActiveCfg = Debug|Any CPU
		{8BE1B682-78EF-41A0-A293-D512D16AFC53}.Debug|Any CPU.Build.0 = Debug|Any CPU
		{8BE1B682-78EF-41A0-A293-D512D16AFC53}.Release|Any CPU.ActiveCfg = Release|Any CPU
		{8BE1B682-78EF-41A0-A293-D512D16AFC53}.Release|Any CPU.Build.0 = Release|Any CPU
		{A1AA642F-77D5-42BA-BC4A-30A6147253F5}.Debug|Any CPU.ActiveCfg = Debug|Any CPU
		{A1AA642F-77D5-42BA-BC4A-30A6147253F5}.Debug|Any CPU.Build.0 = Debug|Any CPU
		{A1AA642F-77D5-42BA-BC4A-30A6147253F5}.Release|Any CPU.ActiveCfg = Release|Any CPU
		{A1AA642F-77D5-42BA-BC4A-30A6147253F5}.Release|Any CPU.Build.0 = Release|Any CPU
	EndGlobalSection
	GlobalSection(SolutionProperties) = preSolution
		HideSolutionNode = FALSE
	EndGlobalSection
	GlobalSection(NestedProjects) = preSolution
		{B8E2977B-FC8B-45F5-A022-F2CD9721BA26} = {D9FE9FF2-CB9A-4C02-B049-AD57CBD9A801}
		{7FBDA25D-323F-48C7-ABF5-41BE8850A5A4} = {B8E2977B-FC8B-45F5-A022-F2CD9721BA26}
		{9C690453-C268-4092-ADD4-C7843FC22834} = {D9FE9FF2-CB9A-4C02-B049-AD57CBD9A801}
		{E647F9FF-EFC1-4C7F-8571-CCE5EF272223} = {9C690453-C268-4092-ADD4-C7843FC22834}
		{F6E01E0D-0E28-41CC-AC78-84654CC9353D} = {E647F9FF-EFC1-4C7F-8571-CCE5EF272223}
		{357FFDA3-21C6-48B0-8588-EED73A20C2E2} = {E647F9FF-EFC1-4C7F-8571-CCE5EF272223}
		{8BE1B682-78EF-41A0-A293-D512D16AFC53} = {E647F9FF-EFC1-4C7F-8571-CCE5EF272223}
		{A1AA642F-77D5-42BA-BC4A-30A6147253F5} = {E647F9FF-EFC1-4C7F-8571-CCE5EF272223}
	EndGlobalSection
	GlobalSection(ExtensibilityGlobals) = postSolution
		SolutionGuid = {04D72791-CE56-47E6-80B5-D02DA43AD10E}
	EndGlobalSection
EndGlobal
